// !$*UTF8*$!
{
	archiveVersion = 1;
	classes = {
	};
	objectVersion = 77;
	objects = {
		1F7AD54C37214E4F42493C4D = {isa = PBXFileSystemSynchronizedRootGroup; path = Shared; sourceTree = "<group>"; };
		B11222FE8DBA7471144AF6B0 = {isa = PBXFileSystemSynchronizedRootGroup; exceptions = (B6AA18580B53266509CC4A8C); path = LumenWatch; sourceTree = "<group>"; };
		B6AA18580B53266509CC4A8C = {isa = PBXFileSystemSynchronizedBuildFileExceptionSet; membershipExceptions = (LumenWatch.entitlements); target = 9AEDD0FE19BFBF69ABC62472; };
		D91A979E258AB1D4DFEDEC75 = {isa = PBXFileSystemSynchronizedRootGroup; exceptions = (531A861BD435A1FCE46B4CF8); path = LumenWatchWidget; sourceTree = "<group>"; };
		531A861BD435A1FCE46B4CF8 = {isa = PBXFileSystemSynchronizedBuildFileExceptionSet; membershipExceptions = (Info.plist, LumenWatchWidget.entitlements); target = 593AFB93CD2B6C8E2B715367; };
		B4496D882039955DF3F7045A = {isa = PBXFileReference; explicitFileType = wrapper.application; includeInIndex = 0; path = LumenWatch.app; sourceTree = BUILT_PRODUCTS_DIR; };
		EA65736B69C379FBCD248D97 = {isa = PBXFileReference; explicitFileType = "wrapper.app-extension"; includeInIndex = 0; path = LumenWatchWidget.appex; sourceTree = BUILT_PRODUCTS_DIR; };
		1F5CC6B29D3E55ADA0770260 = {isa = PBXBuildFile; fileRef = B4496D882039955DF3F7045A; settings = {ATTRIBUTES = (RemoveHeadersOnCopy, ); }; };
		905FF6DFED67FE702B09E988 = {isa = PBXBuildFile; fileRef = EA65736B69C379FBCD248D97; settings = {ATTRIBUTES = (RemoveHeadersOnCopy, ); }; };
		295C27EACB4C99F3EBE1ADF8 = {isa = PBXCopyFilesBuildPhase; buildActionMask = 2147483647; dstPath = "$(CONTENTS_FOLDER_PATH)/Watch"; dstSubfolderSpec = 16; files = (1F5CC6B29D3E55ADA0770260, ); name = "Embed Watch Content"; runOnlyForDeploymentPostprocessing = 0; };
		D88067A37B6083CBFA6BB46C = {isa = PBXCopyFilesBuildPhase; buildActionMask = 2147483647; dstPath = ""; dstSubfolderSpec = 13; files = (905FF6DFED67FE702B09E988, ); name = "Embed Foundation Extensions"; runOnlyForDeploymentPostprocessing = 0; };
		F75532C51EB8C5707515050B = {isa = PBXSourcesBuildPhase; buildActionMask = 2147483647; files = (); runOnlyForDeploymentPostprocessing = 0; };
		6849F30963F0F9611E54B167 = {isa = PBXFrameworksBuildPhase; buildActionMask = 2147483647; files = (); runOnlyForDeploymentPostprocessing = 0; };
		1FC797ED8CCA53ADD6EA582E = {isa = PBXResourcesBuildPhase; buildActionMask = 2147483647; files = (); runOnlyForDeploymentPostprocessing = 0; };
		DD826C6E2669F7782BFDEE37 = {isa = PBXSourcesBuildPhase; buildActionMask = 2147483647; files = (); runOnlyForDeploymentPostprocessing = 0; };
		6DB05F4EF0DD8D87AF926B3C = {isa = PBXFrameworksBuildPhase; buildActionMask = 2147483647; files = (); runOnlyForDeploymentPostprocessing = 0; };
		04E32FA8B35A88C37179D163 = {isa = PBXResourcesBuildPhase; buildActionMask = 2147483647; files = (); runOnlyForDeploymentPostprocessing = 0; };
		2778A19C6802D2A9E6C33839 = {isa = PBXContainerItemProxy; containerPortal = 5CD759D4193846E4910FD9BB; proxyType = 1; remoteGlobalIDString = 9AEDD0FE19BFBF69ABC62472; remoteInfo = LumenWatch; };
		43D8F80E7D737325163DCAE5 = {isa = PBXTargetDependency; target = 9AEDD0FE19BFBF69ABC62472; targetProxy = 2778A19C6802D2A9E6C33839; };
		E20D5EDCC33AA7AA9AC86D7F = {isa = PBXContainerItemProxy; containerPortal = 5CD759D4193846E4910FD9BB; proxyType = 1; remoteGlobalIDString = 593AFB93CD2B6C8E2B715367; remoteInfo = LumenWatchWidget; };
		02E849F5C213E917AEA7D86F = {isa = PBXTargetDependency; target = 593AFB93CD2B6C8E2B715367; targetProxy = E20D5EDCC33AA7AA9AC86D7F; };
		9AEDD0FE19BFBF69ABC62472 = {isa = PBXNativeTarget; buildConfigurationList = FF9279FAC3F07383E0243405; buildPhases = (F75532C51EB8C5707515050B, 6849F30963F0F9611E54B167, 1FC797ED8CCA53ADD6EA582E, D88067A37B6083CBFA6BB46C); buildRules = (); dependencies = (02E849F5C213E917AEA7D86F); fileSystemSynchronizedGroups = (B11222FE8DBA7471144AF6B0, 1F7AD54C37214E4F42493C4D); name = LumenWatch; productName = LumenWatch; productReference = B4496D882039955DF3F7045A; productType = "com.apple.product-type.application"; };
		593AFB93CD2B6C8E2B715367 = {isa = PBXNativeTarget; buildConfigurationList = 7E815F85BAA62FCA5EDA1B6B; buildPhases = (DD826C6E2669F7782BFDEE37, 6DB05F4EF0DD8D87AF926B3C, 04E32FA8B35A88C37179D163); buildRules = (); dependencies = (); fileSystemSynchronizedGroups = (D91A979E258AB1D4DFEDEC75, 1F7AD54C37214E4F42493C4D); name = LumenWatchWidget; productName = LumenWatchWidget; productReference = EA65736B69C379FBCD248D97; productType = "com.apple.product-type.app-extension"; };
		E1672BC92083E70539660ADF = {isa = XCBuildConfiguration; buildSettings = {CODE_SIGN_STYLE = Automatic; DEVELOPMENT_TEAM = 3UZ4C73FM2; SDKROOT = watchos; WATCHOS_DEPLOYMENT_TARGET = 11.0; TARGETED_DEVICE_FAMILY = 4; SWIFT_VERSION = 5.0; MARKETING_VERSION = 1.0; CURRENT_PROJECT_VERSION = 1; PRODUCT_NAME = "$(TARGET_NAME)"; SKIP_INSTALL = YES; PRODUCT_BUNDLE_IDENTIFIER = com.dbakp.lumen.watchkitapp; GENERATE_INFOPLIST_FILE = YES; INFOPLIST_KEY_CFBundleDisplayName = Lumen; INFOPLIST_KEY_WKCompanionAppBundleIdentifier = com.dbakp.lumen; INFOPLIST_KEY_WKRunsIndependentlyOfCompanionApp = NO; INFOPLIST_KEY_NSHealthShareUsageDescription = "Lumen shows your activity and heart rate on your wrist."; INFOPLIST_KEY_NSHealthUpdateUsageDescription = "Lumen saves water you log on your Watch to Apple Health."; INFOPLIST_KEY_UISupportedInterfaceOrientations = (UIInterfaceOrientationPortrait, UIInterfaceOrientationPortraitUpsideDown); CODE_SIGN_ENTITLEMENTS = LumenWatch/LumenWatch.entitlements; ASSETCATALOG_COMPILER_APPICON_NAME = AppIcon; ASSETCATALOG_COMPILER_GLOBAL_ACCENT_COLOR_NAME = AccentColor; ENABLE_PREVIEWS = YES; DEBUG_INFORMATION_FORMAT = dwarf; }; name = Debug; };
		F782FAFE1213E43358A803A4 = {isa = XCBuildConfiguration; buildSettings = {CODE_SIGN_STYLE = Automatic; DEVELOPMENT_TEAM = 3UZ4C73FM2; SDKROOT = watchos; WATCHOS_DEPLOYMENT_TARGET = 11.0; TARGETED_DEVICE_FAMILY = 4; SWIFT_VERSION = 5.0; MARKETING_VERSION = 1.0; CURRENT_PROJECT_VERSION = 1; PRODUCT_NAME = "$(TARGET_NAME)"; SKIP_INSTALL = YES; PRODUCT_BUNDLE_IDENTIFIER = com.dbakp.lumen.watchkitapp; GENERATE_INFOPLIST_FILE = YES; INFOPLIST_KEY_CFBundleDisplayName = Lumen; INFOPLIST_KEY_WKCompanionAppBundleIdentifier = com.dbakp.lumen; INFOPLIST_KEY_WKRunsIndependentlyOfCompanionApp = NO; INFOPLIST_KEY_NSHealthShareUsageDescription = "Lumen shows your activity and heart rate on your wrist."; INFOPLIST_KEY_NSHealthUpdateUsageDescription = "Lumen saves water you log on your Watch to Apple Health."; INFOPLIST_KEY_UISupportedInterfaceOrientations = (UIInterfaceOrientationPortrait, UIInterfaceOrientationPortraitUpsideDown); CODE_SIGN_ENTITLEMENTS = LumenWatch/LumenWatch.entitlements; ASSETCATALOG_COMPILER_APPICON_NAME = AppIcon; ASSETCATALOG_COMPILER_GLOBAL_ACCENT_COLOR_NAME = AccentColor; ENABLE_PREVIEWS = YES; }; name = Release; };
		FF9279FAC3F07383E0243405 = {isa = XCConfigurationList; buildConfigurations = (E1672BC92083E70539660ADF, F782FAFE1213E43358A803A4); defaultConfigurationIsVisible = 0; defaultConfigurationName = Release; };
		3C73D45CBCCF8A3A5E9677D0 = {isa = XCBuildConfiguration; buildSettings = {CODE_SIGN_STYLE = Automatic; DEVELOPMENT_TEAM = 3UZ4C73FM2; SDKROOT = watchos; WATCHOS_DEPLOYMENT_TARGET = 11.0; TARGETED_DEVICE_FAMILY = 4; SWIFT_VERSION = 5.0; MARKETING_VERSION = 1.0; CURRENT_PROJECT_VERSION = 1; PRODUCT_NAME = "$(TARGET_NAME)"; SKIP_INSTALL = YES; PRODUCT_BUNDLE_IDENTIFIER = com.dbakp.lumen.watchkitapp.widgets; GENERATE_INFOPLIST_FILE = YES; INFOPLIST_FILE = LumenWatchWidget/Info.plist; INFOPLIST_KEY_CFBundleDisplayName = Lumen; CODE_SIGN_ENTITLEMENTS = LumenWatchWidget/LumenWatchWidget.entitlements; LD_RUNPATH_SEARCH_PATHS = ("$(inherited)", "@executable_path/Frameworks", "@executable_path/../../Frameworks"); DEBUG_INFORMATION_FORMAT = dwarf; }; name = Debug; };
		AAC96DAD1E4FB0AA6324B3A0 = {isa = XCBuildConfiguration; buildSettings = {CODE_SIGN_STYLE = Automatic; DEVELOPMENT_TEAM = 3UZ4C73FM2; SDKROOT = watchos; WATCHOS_DEPLOYMENT_TARGET = 11.0; TARGETED_DEVICE_FAMILY = 4; SWIFT_VERSION = 5.0; MARKETING_VERSION = 1.0; CURRENT_PROJECT_VERSION = 1; PRODUCT_NAME = "$(TARGET_NAME)"; SKIP_INSTALL = YES; PRODUCT_BUNDLE_IDENTIFIER = com.dbakp.lumen.watchkitapp.widgets; GENERATE_INFOPLIST_FILE = YES; INFOPLIST_FILE = LumenWatchWidget/Info.plist; INFOPLIST_KEY_CFBundleDisplayName = Lumen; CODE_SIGN_ENTITLEMENTS = LumenWatchWidget/LumenWatchWidget.entitlements; LD_RUNPATH_SEARCH_PATHS = ("$(inherited)", "@executable_path/Frameworks", "@executable_path/../../Frameworks"); }; name = Release; };
		7E815F85BAA62FCA5EDA1B6B = {isa = XCConfigurationList; buildConfigurations = (3C73D45CBCCF8A3A5E9677D0, AAC96DAD1E4FB0AA6324B3A0); defaultConfigurationIsVisible = 0; defaultConfigurationName = Release; };
		A1B2C3D4E5F60718293A4B5C = {isa = PBXFileSystemSynchronizedRootGroup; exceptions = (A1B2C3D4E5F60718293A4B5D); path = Lumen; sourceTree = "<group>"; };
		A1B2C3D4E5F60718293A4B5D = {isa = PBXFileSystemSynchronizedBuildFileExceptionSet; membershipExceptions = (Lumen.entitlements); target = 786E16E2A5FF21CC8F2CD5BF; };
		25573331ECE198AA26C14E54 = {isa = PBXFileReference; lastKnownFileType = text.plist.entitlements; path = "LumenWidget.entitlements"; sourceTree = "<group>"; };
		12F1C9823B7D241C34392D7F = {isa = PBXFileReference; lastKnownFileType = text.plist.xml; path = Info.plist; sourceTree = "<group>"; };
		113F5BCA7DC178E6237B4B3C = {isa = PBXFileReference; lastKnownFileType = sourcecode.swift; path = "LumenWidget.swift"; sourceTree = "<group>"; };
		962EA794CBD8B6BFA9D6FC5F = {isa = PBXBuildFile; fileRef = 113F5BCA7DC178E6237B4B3C; };
		B26F0D3836DBAD50EA07F877 = {isa = PBXBuildFile; fileRef = F5ECD05C6F94FE39FA52B158; settings = {ATTRIBUTES = (RemoveHeadersOnCopy, ); }; };
		BAE1492BDE49D13FF7E211EB = {isa = PBXCopyFilesBuildPhase; buildActionMask = 2147483647; dstPath = ""; dstSubfolderSpec = 13; files = (B26F0D3836DBAD50EA07F877,); name = "Embed App Extensions"; runOnlyForDeploymentPostprocessing = 0; };
		99E6A51DA0B86FE48AEB34ED = {isa = PBXContainerItemProxy; containerPortal = 5CD759D4193846E4910FD9BB; proxyType = 1; remoteGlobalIDString = 56713A5E07A79BA44EE65E3B; remoteInfo = LumenWidget; };
		EE1DEC3FECAFB049B3EB4C70 = {isa = PBXTargetDependency; target = 56713A5E07A79BA44EE65E3B; targetProxy = 99E6A51DA0B86FE48AEB34ED; };
        786E16E2A5FF21CC8F2CD5BF = {isa = PBXNativeTarget; buildConfigurationList = 63AE45B6CF452CB3A47BC6B6; buildPhases = (FF551260781567CD7E10082F, A9914FF788F10C1616785B95, 34B0DB19A3CF82F7159CCFBE, BAE1492BDE49D13FF7E211EB, 295C27EACB4C99F3EBE1ADF8); buildRules = (); dependencies = (EE1DEC3FECAFB049B3EB4C70, 43D8F80E7D737325163DCAE5); fileSystemSynchronizedGroups = (A1B2C3D4E5F60718293A4B5C, 1F7AD54C37214E4F42493C4D); name = Lumen; productName = Lumen; productReference = 5CDD95F3BE986D8DDCE36775; productType = "com.apple.product-type.application"; };
        56713A5E07A79BA44EE65E3B = {isa = PBXNativeTarget; buildConfigurationList = 7758602E5EF0BE2DB624829E; buildPhases = (3F7F1D5F6FF4BC564A84BBA1, 024167FA5953A32DC98B2DEF, 8EE8DB68E552915FE6674850); buildRules = (); dependencies = (); name = LumenWidget; productName = LumenWidget; productReference = F5ECD05C6F94FE39FA52B158; productType = "com.apple.product-type.app-extension"; };
        FF551260781567CD7E10082F = {isa = PBXSourcesBuildPhase; buildActionMask = 2147483647; files = (
        ); runOnlyForDeploymentPostprocessing = 0; };
        3F7F1D5F6FF4BC564A84BBA1 = {isa = PBXSourcesBuildPhase; buildActionMask = 2147483647; files = (
				962EA794CBD8B6BFA9D6FC5F,
        ); runOnlyForDeploymentPostprocessing = 0; };
        A9914FF788F10C1616785B95 = {isa = PBXFrameworksBuildPhase; buildActionMask = 2147483647; files = (); runOnlyForDeploymentPostprocessing = 0; };
        34B0DB19A3CF82F7159CCFBE = {isa = PBXResourcesBuildPhase; buildActionMask = 2147483647; files = (); runOnlyForDeploymentPostprocessing = 0; };
        8EE8DB68E552915FE6674850 = {isa = PBXResourcesBuildPhase; buildActionMask = 2147483647; files = (); runOnlyForDeploymentPostprocessing = 0; };
        024167FA5953A32DC98B2DEF = {isa = PBXFrameworksBuildPhase; buildActionMask = 2147483647; files = (); runOnlyForDeploymentPostprocessing = 0; };
        5C999E731352905727541C3C = {isa = PBXGroup; children = (A1B2C3D4E5F60718293A4B5C, 1F7AD54C37214E4F42493C4D, B11222FE8DBA7471144AF6B0, D91A979E258AB1D4DFEDEC75, 1FA6CFAD87FC9EF5D898EE50, 6D159F361021D92BC3E10E55, 46E2F6E4A02F03F2B8FB9DCE); sourceTree = "<group>"; };
        6D159F361021D92BC3E10E55 = {isa = PBXGroup; children = (5CDD95F3BE986D8DDCE36775, F5ECD05C6F94FE39FA52B158, B4496D882039955DF3F7045A, EA65736B69C379FBCD248D97); sourceTree = "<group>"; name = Products; };
                		1FA6CFAD87FC9EF5D898EE50 = {isa = PBXGroup; children = (113F5BCA7DC178E6237B4B3C, 25573331ECE198AA26C14E54, 12F1C9823B7D241C34392D7F); sourceTree = "<group>"; path = LumenWidget; };
        5CDD95F3BE986D8DDCE36775 = {isa = PBXFileReference; explicitFileType = wrapper.application; includeInIndex = 0; path = Lumen.app; sourceTree = BUILT_PRODUCTS_DIR; };
        F5ECD05C6F94FE39FA52B158 = {isa = PBXFileReference; explicitFileType = wrapper.app-extension; includeInIndex = 0; path = LumenWidget.appex; sourceTree = BUILT_PRODUCTS_DIR; };
		79AFC64107C2474F622E04A4 = {isa = PBXFileReference; lastKnownFileType = sourcecode.swift; path = LumenSmokeTests.swift; sourceTree = "<group>"; };
		D15D4114DB110DA05A66E0AF = {isa = PBXFileReference; lastKnownFileType = text.plist.xml; path = Info.plist; sourceTree = "<group>"; };
		BCEE5B7C1B654D90B6BEE36F = {isa = PBXFileReference; explicitFileType = wrapper.cfbundle; includeInIndex = 0; path = LumenUITests.xctest; sourceTree = BUILT_PRODUCTS_DIR; };
		F64E71F52AB30DC4E46CAC6B = {isa = PBXBuildFile; fileRef = 79AFC64107C2474F622E04A4; };
		001C4057F79ED886753FF386 = {isa = PBXSourcesBuildPhase; buildActionMask = 2147483647; files = (F64E71F52AB30DC4E46CAC6B,); runOnlyForDeploymentPostprocessing = 0; };
		3A829B027F9C318CB5A57898 = {isa = PBXFrameworksBuildPhase; buildActionMask = 2147483647; files = (); runOnlyForDeploymentPostprocessing = 0; };
		902139700AE0C052A141BAFD = {isa = PBXResourcesBuildPhase; buildActionMask = 2147483647; files = (); runOnlyForDeploymentPostprocessing = 0; };
		46E2F6E4A02F03F2B8FB9DCE = {isa = PBXGroup; children = (79AFC64107C2474F622E04A4, D15D4114DB110DA05A66E0AF); path = LumenUITests; sourceTree = "<group>"; };
		798D23EA506A78060493F9F8 = {isa = PBXContainerItemProxy; containerPortal = 5CD759D4193846E4910FD9BB; proxyType = 1; remoteGlobalIDString = 786E16E2A5FF21CC8F2CD5BF; remoteInfo = Lumen; };
		1A5B11C8200D6F57CA20CD75 = {isa = PBXTargetDependency; target = 786E16E2A5FF21CC8F2CD5BF; targetProxy = 798D23EA506A78060493F9F8; };
		678B4DE61235C519CC844609 = {isa = PBXNativeTarget; buildConfigurationList = F7D9E2DBA3A3E16ED8D384A0; buildPhases = (001C4057F79ED886753FF386, 3A829B027F9C318CB5A57898, 902139700AE0C052A141BAFD); buildRules = (); dependencies = (1A5B11C8200D6F57CA20CD75); name = LumenUITests; productName = LumenUITests; productReference = BCEE5B7C1B654D90B6BEE36F; productType = "com.apple.product-type.bundle.ui-testing"; };
		64EA319630F3192A7A7F5279 = {isa = XCBuildConfiguration; buildSettings = {SDKROOT = iphoneos; PRODUCT_BUNDLE_IDENTIFIER = com.dbakp.lumen.LumenUITests; TEST_TARGET_NAME = Lumen; PRODUCT_NAME = "$(TARGET_NAME)"; INFOPLIST_FILE = LumenUITests/Info.plist; SWIFT_VERSION = 5.0; IPHONEOS_DEPLOYMENT_TARGET = 18.0; TARGETED_DEVICE_FAMILY = "1,2"; CODE_SIGN_STYLE = Automatic; DEVELOPMENT_TEAM = 3UZ4C73FM2; MARKETING_VERSION = 1.0; CURRENT_PROJECT_VERSION = 1; ENABLE_TESTABILITY = YES; DEBUG_INFORMATION_FORMAT = dwarf;}; name = Debug; };
		C8299E2A31A638AD693DD69E = {isa = XCBuildConfiguration; buildSettings = {SDKROOT = iphoneos; PRODUCT_BUNDLE_IDENTIFIER = com.dbakp.lumen.LumenUITests; TEST_TARGET_NAME = Lumen; PRODUCT_NAME = "$(TARGET_NAME)"; INFOPLIST_FILE = LumenUITests/Info.plist; SWIFT_VERSION = 5.0; IPHONEOS_DEPLOYMENT_TARGET = 18.0; TARGETED_DEVICE_FAMILY = "1,2"; CODE_SIGN_STYLE = Automatic; DEVELOPMENT_TEAM = 3UZ4C73FM2; MARKETING_VERSION = 1.0; CURRENT_PROJECT_VERSION = 1; ENABLE_TESTABILITY = YES; DEBUG_INFORMATION_FORMAT = "dwarf-with-dsym";}; name = Release; };
		F7D9E2DBA3A3E16ED8D384A0 = {isa = XCConfigurationList; buildConfigurations = (64EA319630F3192A7A7F5279, C8299E2A31A638AD693DD69E); defaultConfigurationIsVisible = 0; defaultConfigurationName = Release; };
        5CD759D4193846E4910FD9BB = {isa = PBXProject; buildConfigurationList = 66C115E9D28FAC0EC0475D61; compatibilityVersion = "Xcode 15.0"; developmentRegion = en; hasScannedForEncodings = 0; knownRegions = (en); mainGroup = 5C999E731352905727541C3C; productRefGroup = 6D159F361021D92BC3E10E55; projectDirPath = ""; projectRoot = ""; targets = (786E16E2A5FF21CC8F2CD5BF, 56713A5E07A79BA44EE65E3B, 678B4DE61235C519CC844609, 9AEDD0FE19BFBF69ABC62472, 593AFB93CD2B6C8E2B715367); };
        05184C84B7DD963FD013F5FD = {isa = XCBuildConfiguration; buildSettings = {DEBUG_INFORMATION_FORMAT = dwarf; SDKROOT = iphoneos; PRODUCT_BUNDLE_IDENTIFIER = com.dbakp.lumen; PRODUCT_NAME = "$(TARGET_NAME)"; SWIFT_VERSION = 5.0; IPHONEOS_DEPLOYMENT_TARGET = 18.0; TARGETED_DEVICE_FAMILY = "1,2"; GENERATE_INFOPLIST_FILE = YES; INFOPLIST_KEY_UILaunchScreen_Generation = YES; INFOPLIST_KEY_UISupportedInterfaceOrientations = (UIInterfaceOrientationPortrait); INFOPLIST_KEY_NSHealthShareUsageDescription = "Lumen reads your activity, workouts, heart rate, sleep, and nutrition to compute readiness, calories, and coaching."; INFOPLIST_KEY_NSHealthUpdateUsageDescription = "Lumen saves logged meals, water, and workouts to Apple Health so your apps stay in sync."; INFOPLIST_KEY_NSCameraUsageDescription = "Snap meals to log calories and protein instantly."; INFOPLIST_KEY_NSPhotoLibraryUsageDescription = "Pick a meal photo to log it in seconds."; INFOPLIST_KEY_NSMotionUsageDescription = "Count steps and movement even without a watch."; INFOPLIST_KEY_NSUserNotificationsUsageDescription = "Timed nudges for workouts, wind-down, and bedtime."; INFOPLIST_KEY_NSFaceIDUsageDescription = "Lock Lumen so only you can see your health data."; INFOPLIST_KEY_CFBundleDisplayName = Lumen; INFOPLIST_KEY_CFBundleURLTypes = ({CFBundleURLName = com.dbakp.lumen.strava; CFBundleURLSchemes = (lumen); }); INFOPLIST_KEY_UIBackgroundModes = (audio, fetch); INFOPLIST_KEY_ITSAppUsesNonExemptEncryption = NO; ASSETCATALOG_COMPILER_APPICON_NAME = AppIcon; ASSETCATALOG_COMPILER_GLOBAL_ACCENT_COLOR_NAME = AccentColor; CODE_SIGN_ENTITLEMENTS = Lumen/Lumen.entitlements; CODE_SIGN_STYLE = Automatic; DEVELOPMENT_TEAM = 3UZ4C73FM2; ENABLE_PREVIEWS = YES; MARKETING_VERSION = 1.0; CURRENT_PROJECT_VERSION = 1; }; name = Debug; };
        096C085C81228FEAEAEA69B3 = {isa = XCBuildConfiguration; buildSettings = {SDKROOT = iphoneos; PRODUCT_BUNDLE_IDENTIFIER = com.dbakp.lumen; PRODUCT_NAME = "$(TARGET_NAME)"; SWIFT_VERSION = 5.0; IPHONEOS_DEPLOYMENT_TARGET = 18.0; TARGETED_DEVICE_FAMILY = "1,2"; GENERATE_INFOPLIST_FILE = YES; INFOPLIST_KEY_UILaunchScreen_Generation = YES; INFOPLIST_KEY_UISupportedInterfaceOrientations = (UIInterfaceOrientationPortrait); INFOPLIST_KEY_NSHealthShareUsageDescription = "Lumen reads your activity, workouts, heart rate, sleep, and nutrition to compute readiness, calories, and coaching."; INFOPLIST_KEY_NSHealthUpdateUsageDescription = "Lumen saves logged meals, water, and workouts to Apple Health so your apps stay in sync."; INFOPLIST_KEY_NSCameraUsageDescription = "Snap meals to log calories and protein instantly."; INFOPLIST_KEY_NSPhotoLibraryUsageDescription = "Pick a meal photo to log it in seconds."; INFOPLIST_KEY_NSMotionUsageDescription = "Count steps and movement even without a watch."; INFOPLIST_KEY_NSUserNotificationsUsageDescription = "Timed nudges for workouts, wind-down, and bedtime."; INFOPLIST_KEY_NSFaceIDUsageDescription = "Lock Lumen so only you can see your health data."; INFOPLIST_KEY_CFBundleDisplayName = Lumen; INFOPLIST_KEY_CFBundleURLTypes = ({CFBundleURLName = com.dbakp.lumen.strava; CFBundleURLSchemes = (lumen); }); INFOPLIST_KEY_UIBackgroundModes = (audio, fetch); INFOPLIST_KEY_ITSAppUsesNonExemptEncryption = NO; ASSETCATALOG_COMPILER_APPICON_NAME = AppIcon; ASSETCATALOG_COMPILER_GLOBAL_ACCENT_COLOR_NAME = AccentColor; CODE_SIGN_ENTITLEMENTS = Lumen/Lumen.entitlements; CODE_SIGN_STYLE = Automatic; DEVELOPMENT_TEAM = 3UZ4C73FM2; ENABLE_PREVIEWS = YES; MARKETING_VERSION = 1.0; CURRENT_PROJECT_VERSION = 1; }; name = Release; };
        66C3CCF0399E4E1101638340 = {isa = XCBuildConfiguration; buildSettings = {SDKROOT = iphoneos; PRODUCT_BUNDLE_IDENTIFIER = com.dbakp.lumen.LumenWidget; PRODUCT_NAME = "$(TARGET_NAME)"; SWIFT_VERSION = 5.0; IPHONEOS_DEPLOYMENT_TARGET = 18.0; TARGETED_DEVICE_FAMILY = "1,2"; INFOPLIST_FILE = LumenWidget/Info.plist; CODE_SIGN_STYLE = Automatic; DEVELOPMENT_TEAM = 3UZ4C73FM2; CODE_SIGN_ENTITLEMENTS = LumenWidget/LumenWidget.entitlements; MARKETING_VERSION = 1.0; CURRENT_PROJECT_VERSION = 1; }; name = Debug; };
        69914A9E8E8669B69ECFDB46 = {isa = XCBuildConfiguration; buildSettings = {SDKROOT = iphoneos; PRODUCT_BUNDLE_IDENTIFIER = com.dbakp.lumen.LumenWidget; PRODUCT_NAME = "$(TARGET_NAME)"; SWIFT_VERSION = 5.0; IPHONEOS_DEPLOYMENT_TARGET = 18.0; TARGETED_DEVICE_FAMILY = "1,2"; INFOPLIST_FILE = LumenWidget/Info.plist; CODE_SIGN_STYLE = Automatic; DEVELOPMENT_TEAM = 3UZ4C73FM2; CODE_SIGN_ENTITLEMENTS = LumenWidget/LumenWidget.entitlements; MARKETING_VERSION = 1.0; CURRENT_PROJECT_VERSION = 1; }; name = Release; };
        067617F0DB170C514E32F561 = {isa = XCBuildConfiguration; buildSettings = {ALWAYS_SEARCH_USER_PATHS = NO; SWIFT_VERSION = 5.0; }; name = Debug; };
        F9A6343E99878571BED5098C = {isa = XCBuildConfiguration; buildSettings = {ALWAYS_SEARCH_USER_PATHS = NO; SWIFT_VERSION = 5.0; }; name = Release; };
        63AE45B6CF452CB3A47BC6B6 = {isa = XCConfigurationList; buildConfigurations = (05184C84B7DD963FD013F5FD, 096C085C81228FEAEAEA69B3); defaultConfigurationIsVisible = 0; defaultConfigurationName = Release; };
        7758602E5EF0BE2DB624829E = {isa = XCConfigurationList; buildConfigurations = (66C3CCF0399E4E1101638340, 69914A9E8E8669B69ECFDB46); defaultConfigurationIsVisible = 0; defaultConfigurationName = Release; };
        66C115E9D28FAC0EC0475D61 = {isa = XCConfigurationList; buildConfigurations = (067617F0DB170C514E32F561, F9A6343E99878571BED5098C); defaultConfigurationIsVisible = 0; defaultConfigurationName = Release; };
	};
	rootObject = 5CD759D4193846E4910FD9BB;
}
