// !$*UTF8*$!
{
	archiveVersion = 1;
	classes = {
	};
	objectVersion = 56;
	objects = {
		009EACCB016C154FC1DE733C = {isa = PBXFileReference; lastKnownFileType = sourcecode.swift; path = "LumenApp.swift"; sourceTree = "<group>"; };
		5AB9864D1BC7E4570E5ECB98 = {isa = PBXFileReference; lastKnownFileType = sourcecode.swift; path = "Models/SleepModels.swift"; sourceTree = "<group>"; };
		100F6EA058527BB4BC48B06F = {isa = PBXFileReference; lastKnownFileType = sourcecode.swift; path = "Models/SleepStore.swift"; sourceTree = "<group>"; };
		787701645969E52FC1A3D54C = {isa = PBXFileReference; lastKnownFileType = sourcecode.swift; path = "Algorithms/SleepAlgorithms.swift"; sourceTree = "<group>"; };
		5E5F6087C65508184C661B65 = {isa = PBXFileReference; lastKnownFileType = sourcecode.swift; path = "Services/HealthKitManager.swift"; sourceTree = "<group>"; };
		C564A73CE8441B4BAD828B58 = {isa = PBXFileReference; lastKnownFileType = sourcecode.swift; path = "Services/NotificationManager.swift"; sourceTree = "<group>"; };
		B44340A9F6FB91AEBB0FB3A8 = {isa = PBXFileReference; lastKnownFileType = sourcecode.swift; path = "Services/SoundEngine.swift"; sourceTree = "<group>"; };
		91C1F618925B07E50C87E182 = {isa = PBXFileReference; lastKnownFileType = sourcecode.swift; path = "Views/Components/GlassUI.swift"; sourceTree = "<group>"; };
		C769F2274752EC8D68E3175E = {isa = PBXFileReference; lastKnownFileType = sourcecode.swift; path = "Views/Components/Charts.swift"; sourceTree = "<group>"; };
		4EDEE72CD4F07FB16981E3F3 = {isa = PBXFileReference; lastKnownFileType = sourcecode.swift; path = "Views/HomeView.swift"; sourceTree = "<group>"; };
		3174AD02F40809AD1FDFD3CA = {isa = PBXFileReference; lastKnownFileType = sourcecode.swift; path = "Views/EnergyView.swift"; sourceTree = "<group>"; };
		742F8DC25B56AF287132DC6C = {isa = PBXFileReference; lastKnownFileType = sourcecode.swift; path = "Views/SleepLogView.swift"; sourceTree = "<group>"; };
		CC489DFF4CC880E42EFC7688 = {isa = PBXFileReference; lastKnownFileType = sourcecode.swift; path = "Views/HabitsView.swift"; sourceTree = "<group>"; };
		2158CC31EDD6CB8B05EFA926 = {isa = PBXFileReference; lastKnownFileType = sourcecode.swift; path = "Views/SoundsView.swift"; sourceTree = "<group>"; };
		62DC652E5AC3EB03F962D6F2 = {isa = PBXFileReference; lastKnownFileType = sourcecode.swift; path = "Views/LearnView.swift"; sourceTree = "<group>"; };
		2FD1FC6D7D2C7089180694F1 = {isa = PBXFileReference; lastKnownFileType = sourcecode.swift; path = "Views/ProfileView.swift"; sourceTree = "<group>"; };
		314EAF2F5B6BB18EBC82B49D = {isa = PBXFileReference; lastKnownFileType = sourcecode.swift; path = "Views/OnboardingView.swift"; sourceTree = "<group>"; };
		C127CC9585C2A0EC1D298A5F = {isa = PBXFileReference; lastKnownFileType = sourcecode.swift; path = "Views/MainTabView.swift"; sourceTree = "<group>"; };
		31D93D85329CC729495621F0 = {isa = PBXFileReference; lastKnownFileType = sourcecode.swift; path = "Models/HealthModels.swift"; sourceTree = "<group>"; };
		484E07D794C71BABB57D2669 = {isa = PBXFileReference; lastKnownFileType = sourcecode.swift; path = "Models/NutritionModels.swift"; sourceTree = "<group>"; };
		1DE3704141858751226451B8 = {isa = PBXFileReference; lastKnownFileType = sourcecode.swift; path = "Models/HealthStore.swift"; sourceTree = "<group>"; };
		D0E7D2FD31C8541726B3DD29 = {isa = PBXFileReference; lastKnownFileType = sourcecode.swift; path = "Algorithms/CoachingEngine.swift"; sourceTree = "<group>"; };
		36A226FB6A8789B79AA0FA54 = {isa = PBXFileReference; lastKnownFileType = sourcecode.swift; path = "Services/HealthKitExtended.swift"; sourceTree = "<group>"; };
		539305C4C644145AD7D50E6D = {isa = PBXFileReference; lastKnownFileType = sourcecode.swift; path = "Services/StravaService.swift"; sourceTree = "<group>"; };
		217D1FDF32CAC045E5ECC4C3 = {isa = PBXFileReference; lastKnownFileType = sourcecode.swift; path = "Services/LLMConnectionService.swift"; sourceTree = "<group>"; };
		6007582AEE8282A90156A317 = {isa = PBXFileReference; lastKnownFileType = sourcecode.swift; path = "Services/NutritionEngine.swift"; sourceTree = "<group>"; };
		75820AD8BF092DCA86ACE7F1 = {isa = PBXFileReference; lastKnownFileType = sourcecode.swift; path = "Services/ChatCoachService.swift"; sourceTree = "<group>"; };
		41543FBB871A0EA33CB5A8A2 = {isa = PBXFileReference; lastKnownFileType = sourcecode.swift; path = "Views/TodayView.swift"; sourceTree = "<group>"; };
		0C002616E8F4D27C7B4BB6F8 = {isa = PBXFileReference; lastKnownFileType = sourcecode.swift; path = "Views/ActivityView.swift"; sourceTree = "<group>"; };
		7757A0DC4C1E40904AC4064D = {isa = PBXFileReference; lastKnownFileType = sourcecode.swift; path = "Views/NutritionView.swift"; sourceTree = "<group>"; };
		295D2FDBCC539D353C451BF2 = {isa = PBXFileReference; lastKnownFileType = sourcecode.swift; path = "Views/MealCaptureView.swift"; sourceTree = "<group>"; };
		E39C79D5E5703B1B8773E310 = {isa = PBXFileReference; lastKnownFileType = sourcecode.swift; path = "Views/CoachView.swift"; sourceTree = "<group>"; };
		FE212C4AF994850E73C09E7C = {isa = PBXFileReference; lastKnownFileType = sourcecode.swift; path = "Views/Components/PremiumUI.swift"; sourceTree = "<group>"; };
		001607CA4ECA84CF8E98F524 = {isa = PBXFileReference; lastKnownFileType = sourcecode.swift; path = "Views/Components/HealthCharts.swift"; sourceTree = "<group>"; };
		114B7B45FCCC5B4A56BBDA33 = {isa = PBXFileReference; lastKnownFileType = text.plist.entitlements; path = "Lumen.entitlements"; sourceTree = "<group>"; };
		F4520D96AC0EDB42E750BB2B = {isa = PBXFileReference; lastKnownFileType = folder.assetcatalog; path = Assets.xcassets; sourceTree = "<group>"; };
		2BDF2B98DFFEEAD97C533160 = {isa = PBXFileReference; lastKnownFileType = text.plist.xml; path = PrivacyInfo.xcprivacy; sourceTree = "<group>"; };
		25573331ECE198AA26C14E54 = {isa = PBXFileReference; lastKnownFileType = text.plist.entitlements; path = "LumenWidget.entitlements"; sourceTree = "<group>"; };
		12F1C9823B7D241C34392D7F = {isa = PBXFileReference; lastKnownFileType = text.plist.xml; path = Info.plist; sourceTree = "<group>"; };
		113F5BCA7DC178E6237B4B3C = {isa = PBXFileReference; lastKnownFileType = sourcecode.swift; path = "LumenWidget.swift"; sourceTree = "<group>"; };
		F63488ADEBD92D8B971057BF = {isa = PBXBuildFile; fileRef = 009EACCB016C154FC1DE733C; };
		33B3F27B400AF32232FF5C02 = {isa = PBXBuildFile; fileRef = 5AB9864D1BC7E4570E5ECB98; };
		2AE4304C909932CCE583708C = {isa = PBXBuildFile; fileRef = 100F6EA058527BB4BC48B06F; };
		AC39CC51B0538F526A356EB2 = {isa = PBXBuildFile; fileRef = 787701645969E52FC1A3D54C; };
		D3A91267320D0FB597BBD2F2 = {isa = PBXBuildFile; fileRef = 5E5F6087C65508184C661B65; };
		92E794A26F3DF7F7E60D7D16 = {isa = PBXBuildFile; fileRef = C564A73CE8441B4BAD828B58; };
		2700E103B2D44FCC64E84AE3 = {isa = PBXBuildFile; fileRef = B44340A9F6FB91AEBB0FB3A8; };
		07F21450957F0A24E53C2C94 = {isa = PBXBuildFile; fileRef = 91C1F618925B07E50C87E182; };
		640D9F30DC0FA31FF812FC4E = {isa = PBXBuildFile; fileRef = C769F2274752EC8D68E3175E; };
		D912890FC7D15C5F34A05E60 = {isa = PBXBuildFile; fileRef = 4EDEE72CD4F07FB16981E3F3; };
		6AC8A7DCE755F7F754634CD5 = {isa = PBXBuildFile; fileRef = 3174AD02F40809AD1FDFD3CA; };
		8B5941D89CDE1D6A3B3EAEAC = {isa = PBXBuildFile; fileRef = 742F8DC25B56AF287132DC6C; };
		2279FB71410C270783C733B3 = {isa = PBXBuildFile; fileRef = CC489DFF4CC880E42EFC7688; };
		46675E06DB43642A4727CEF5 = {isa = PBXBuildFile; fileRef = 2158CC31EDD6CB8B05EFA926; };
		0C3D56D3F694D6E7EEFBBC9E = {isa = PBXBuildFile; fileRef = 62DC652E5AC3EB03F962D6F2; };
		A4BB3923933AC7DF9711FAA9 = {isa = PBXBuildFile; fileRef = 2FD1FC6D7D2C7089180694F1; };
		722F83B11308F3A723676675 = {isa = PBXBuildFile; fileRef = 314EAF2F5B6BB18EBC82B49D; };
		B74BC04DC2C6CCC4663F3BA2 = {isa = PBXBuildFile; fileRef = C127CC9585C2A0EC1D298A5F; };
		962EA794CBD8B6BFA9D6FC5F = {isa = PBXBuildFile; fileRef = 113F5BCA7DC178E6237B4B3C; };
		97969A3A74F6DCB86F4201A6 = {isa = PBXBuildFile; fileRef = 31D93D85329CC729495621F0; };
		59FBF0C39233F46D96150D37 = {isa = PBXBuildFile; fileRef = 484E07D794C71BABB57D2669; };
		2DA59B9A75C643C05206641F = {isa = PBXBuildFile; fileRef = 1DE3704141858751226451B8; };
		6BB0A9E181347256B7F9AD4D = {isa = PBXBuildFile; fileRef = D0E7D2FD31C8541726B3DD29; };
		BB6E8AE60A93981D448C31C4 = {isa = PBXBuildFile; fileRef = 36A226FB6A8789B79AA0FA54; };
		FF46B1997C29CE6DF7EE8951 = {isa = PBXBuildFile; fileRef = 539305C4C644145AD7D50E6D; };
		EAD7AEE389890AB287A3D7D2 = {isa = PBXBuildFile; fileRef = 217D1FDF32CAC045E5ECC4C3; };
		47E6958B8EBAE0D7074FDC25 = {isa = PBXBuildFile; fileRef = 6007582AEE8282A90156A317; };
		E9A540382DF6564E28157ED8 = {isa = PBXBuildFile; fileRef = 75820AD8BF092DCA86ACE7F1; };
		1755748842E5C5D9644DF149 = {isa = PBXBuildFile; fileRef = 41543FBB871A0EA33CB5A8A2; };
		4D9C4798B31CBE848796C085 = {isa = PBXBuildFile; fileRef = 0C002616E8F4D27C7B4BB6F8; };
		C9D764492E75B06012024432 = {isa = PBXBuildFile; fileRef = 7757A0DC4C1E40904AC4064D; };
		3F1675332661BF3D47C02527 = {isa = PBXBuildFile; fileRef = 295D2FDBCC539D353C451BF2; };
		C8A7FCBF8298624C0541573C = {isa = PBXBuildFile; fileRef = E39C79D5E5703B1B8773E310; };
		9B1A915B5E736D0E81972890 = {isa = PBXBuildFile; fileRef = FE212C4AF994850E73C09E7C; };
		5904BACF42384BCC49D7FBFB = {isa = PBXBuildFile; fileRef = 001607CA4ECA84CF8E98F524; };
		B26F0D3836DBAD50EA07F877 = {isa = PBXBuildFile; fileRef = F5ECD05C6F94FE39FA52B158; settings = {ATTRIBUTES = (RemoveHeadersOnCopy, ); }; };
		BAE1492BDE49D13FF7E211EB = {isa = PBXCopyFilesBuildPhase; buildActionMask = 2147483647; dstPath = ""; dstSubfolderSpec = 13; files = (B26F0D3836DBAD50EA07F877,); name = "Embed App Extensions"; runOnlyForDeploymentPostprocessing = 0; };
		99E6A51DA0B86FE48AEB34ED = {isa = PBXContainerItemProxy; containerPortal = 5CD759D4193846E4910FD9BB; proxyType = 1; remoteGlobalIDString = 56713A5E07A79BA44EE65E3B; remoteInfo = LumenWidget; };
		EE1DEC3FECAFB049B3EB4C70 = {isa = PBXTargetDependency; target = 56713A5E07A79BA44EE65E3B; targetProxy = 99E6A51DA0B86FE48AEB34ED; };
        786E16E2A5FF21CC8F2CD5BF = {isa = PBXNativeTarget; buildConfigurationList = 63AE45B6CF452CB3A47BC6B6; buildPhases = (FF551260781567CD7E10082F, A9914FF788F10C1616785B95, 34B0DB19A3CF82F7159CCFBE, BAE1492BDE49D13FF7E211EB); buildRules = (); dependencies = (EE1DEC3FECAFB049B3EB4C70); name = Lumen; productName = Lumen; productReference = 5CDD95F3BE986D8DDCE36775; productType = "com.apple.product-type.application"; };
        56713A5E07A79BA44EE65E3B = {isa = PBXNativeTarget; buildConfigurationList = 7758602E5EF0BE2DB624829E; buildPhases = (3F7F1D5F6FF4BC564A84BBA1, 024167FA5953A32DC98B2DEF, 8EE8DB68E552915FE6674850); buildRules = (); dependencies = (); name = LumenWidget; productName = LumenWidget; productReference = F5ECD05C6F94FE39FA52B158; productType = "com.apple.product-type.app-extension"; };
        FF551260781567CD7E10082F = {isa = PBXSourcesBuildPhase; buildActionMask = 2147483647; files = (
				F63488ADEBD92D8B971057BF,
				33B3F27B400AF32232FF5C02,
				2AE4304C909932CCE583708C,
				AC39CC51B0538F526A356EB2,
				D3A91267320D0FB597BBD2F2,
				92E794A26F3DF7F7E60D7D16,
				2700E103B2D44FCC64E84AE3,
				07F21450957F0A24E53C2C94,
				640D9F30DC0FA31FF812FC4E,
				D912890FC7D15C5F34A05E60,
				6AC8A7DCE755F7F754634CD5,
				8B5941D89CDE1D6A3B3EAEAC,
				2279FB71410C270783C733B3,
				46675E06DB43642A4727CEF5,
				0C3D56D3F694D6E7EEFBBC9E,
				A4BB3923933AC7DF9711FAA9,
				722F83B11308F3A723676675,
				97969A3A74F6DCB86F4201A6,
				59FBF0C39233F46D96150D37,
				2DA59B9A75C643C05206641F,
				6BB0A9E181347256B7F9AD4D,
				BB6E8AE60A93981D448C31C4,
				FF46B1997C29CE6DF7EE8951,
				EAD7AEE389890AB287A3D7D2,
				47E6958B8EBAE0D7074FDC25,
				E9A540382DF6564E28157ED8,
				1755748842E5C5D9644DF149,
				4D9C4798B31CBE848796C085,
				C9D764492E75B06012024432,
				3F1675332661BF3D47C02527,
				C8A7FCBF8298624C0541573C,
				9B1A915B5E736D0E81972890,
				5904BACF42384BCC49D7FBFB,
				B74BC04DC2C6CCC4663F3BA2,
        ); runOnlyForDeploymentPostprocessing = 0; };
        3F7F1D5F6FF4BC564A84BBA1 = {isa = PBXSourcesBuildPhase; buildActionMask = 2147483647; files = (
				962EA794CBD8B6BFA9D6FC5F,
        ); runOnlyForDeploymentPostprocessing = 0; };
        A9914FF788F10C1616785B95 = {isa = PBXFrameworksBuildPhase; buildActionMask = 2147483647; files = (); runOnlyForDeploymentPostprocessing = 0; };
		7D1DBA83F5517888388F38D2 = {isa = PBXBuildFile; fileRef = F4520D96AC0EDB42E750BB2B; };
		6B297EEBE4E5EA27D1685269 = {isa = PBXBuildFile; fileRef = 2BDF2B98DFFEEAD97C533160; };
        34B0DB19A3CF82F7159CCFBE = {isa = PBXResourcesBuildPhase; buildActionMask = 2147483647; files = (7D1DBA83F5517888388F38D2, 6B297EEBE4E5EA27D1685269); runOnlyForDeploymentPostprocessing = 0; };
        8EE8DB68E552915FE6674850 = {isa = PBXResourcesBuildPhase; buildActionMask = 2147483647; files = (); runOnlyForDeploymentPostprocessing = 0; };
        024167FA5953A32DC98B2DEF = {isa = PBXFrameworksBuildPhase; buildActionMask = 2147483647; files = (); runOnlyForDeploymentPostprocessing = 0; };
        5C999E731352905727541C3C = {isa = PBXGroup; children = (D4BAA6CF3F4204D0B19A1276, 1FA6CFAD87FC9EF5D898EE50, 6D159F361021D92BC3E10E55, 46E2F6E4A02F03F2B8FB9DCE); sourceTree = "<group>"; };
        6D159F361021D92BC3E10E55 = {isa = PBXGroup; children = (5CDD95F3BE986D8DDCE36775, F5ECD05C6F94FE39FA52B158); sourceTree = "<group>"; name = Products; };
        D4BAA6CF3F4204D0B19A1276 = {isa = PBXGroup; children = (009EACCB016C154FC1DE733C, 5AB9864D1BC7E4570E5ECB98, 100F6EA058527BB4BC48B06F, 787701645969E52FC1A3D54C, 5E5F6087C65508184C661B65, C564A73CE8441B4BAD828B58, B44340A9F6FB91AEBB0FB3A8, 91C1F618925B07E50C87E182, C769F2274752EC8D68E3175E, 4EDEE72CD4F07FB16981E3F3, 3174AD02F40809AD1FDFD3CA, 742F8DC25B56AF287132DC6C, CC489DFF4CC880E42EFC7688, 2158CC31EDD6CB8B05EFA926, 62DC652E5AC3EB03F962D6F2, 2FD1FC6D7D2C7089180694F1, 314EAF2F5B6BB18EBC82B49D, C127CC9585C2A0EC1D298A5F, 31D93D85329CC729495621F0, 484E07D794C71BABB57D2669, 1DE3704141858751226451B8, D0E7D2FD31C8541726B3DD29, 36A226FB6A8789B79AA0FA54, 539305C4C644145AD7D50E6D, 217D1FDF32CAC045E5ECC4C3, 6007582AEE8282A90156A317, 75820AD8BF092DCA86ACE7F1, 41543FBB871A0EA33CB5A8A2, 0C002616E8F4D27C7B4BB6F8, 7757A0DC4C1E40904AC4064D, 295D2FDBCC539D353C451BF2, E39C79D5E5703B1B8773E310, FE212C4AF994850E73C09E7C, 001607CA4ECA84CF8E98F524, 114B7B45FCCC5B4A56BBDA33, F4520D96AC0EDB42E750BB2B, 2BDF2B98DFFEEAD97C533160); sourceTree = "<group>"; path = Lumen; };
        		1FA6CFAD87FC9EF5D898EE50 = {isa = PBXGroup; children = (113F5BCA7DC178E6237B4B3C, 25573331ECE198AA26C14E54, 12F1C9823B7D241C34392D7F); sourceTree = "<group>"; path = LumenWidget; };
        5CDD95F3BE986D8DDCE36775 = {isa = PBXFileReference; explicitFileType = wrapper.application; includeInIndex = 0; path = Lumen.app; sourceTree = BUILT_PRODUCTS_DIR; };
        F5ECD05C6F94FE39FA52B158 = {isa = PBXFileReference; explicitFileType = wrapper.app-extension; includeInIndex = 0; path = LumenWidget.appex; sourceTree = BUILT_PRODUCTS_DIR; };
		79AFC64107C2474F622E04A4 = {isa = PBXFileReference; lastKnownFileType = sourcecode.swift; path = LumenSmokeTests.swift; sourceTree = "<group>"; };
		D15D4114DB110DA05A66E0AF = {isa = PBXFileReference; lastKnownFileType = text.plist.xml; path = Info.plist; sourceTree = "<group>"; };
		BCEE5B7C1B654D90B6BEE36F = {isa = PBXFileReference; explicitFileType = wrapper.cfbundle; includeInIndex = 0; path = LumenUITests.xctest; sourceTree = BUILT_PRODUCTS_DIR; };
		F64E71F52AB30DC4E46CAC6B = {isa = PBXBuildFile; fileRef = 79AFC64107C2474F622E04A4; };
		001C4057F79ED886753FF386 = {isa = PBXSourcesBuildPhase; buildActionMask = 2147483647; files = (F64E71F52AB30DC4E46CAC6B,); runOnlyForDeploymentPostprocessing = 0; };
		3A829B027F9C318CB5A57898 = {isa = PBXFrameworksBuildPhase; buildActionMask = 2147483647; files = (); runOnlyForDeploymentPostprocessing = 0; };
		902139700AE0C052A141BAFD = {isa = PBXResourcesBuildPhase; buildActionMask = 2147483647; files = (); runOnlyForDeploymentPostprocessing = 0; };
		46E2F6E4A02F03F2B8FB9DCE = {isa = PBXGroup; children = (79AFC64107C2474F622E04A4, D15D4114DB110DA05A66E0AF); path = LumenUITests; sourceTree = "<group>"; };
		798D23EA506A78060493F9F8 = {isa = PBXContainerItemProxy; containerPortal = 5CD759D4193846E4910FD9BB; proxyType = 1; remoteGlobalIDString = 786E16E2A5FF21CC8F2CD5BF; remoteInfo = Lumen; };
		1A5B11C8200D6F57CA20CD75 = {isa = PBXTargetDependency; target = 786E16E2A5FF21CC8F2CD5BF; targetProxy = 798D23EA506A78060493F9F8; };
		678B4DE61235C519CC844609 = {isa = PBXNativeTarget; buildConfigurationList = F7D9E2DBA3A3E16ED8D384A0; buildPhases = (001C4057F79ED886753FF386, 3A829B027F9C318CB5A57898, 902139700AE0C052A141BAFD); buildRules = (); dependencies = (1A5B11C8200D6F57CA20CD75); name = LumenUITests; productName = LumenUITests; productReference = BCEE5B7C1B654D90B6BEE36F; productType = "com.apple.product-type.bundle.ui-testing"; };
		64EA319630F3192A7A7F5279 = {isa = XCBuildConfiguration; buildSettings = {SDKROOT = iphoneos; PRODUCT_BUNDLE_IDENTIFIER = com.lumen.health.LumenUITests; TEST_TARGET_NAME = Lumen; PRODUCT_NAME = "$(TARGET_NAME)"; INFOPLIST_FILE = LumenUITests/Info.plist; SWIFT_VERSION = 5.0; IPHONEOS_DEPLOYMENT_TARGET = 18.0; TARGETED_DEVICE_FAMILY = "1,2"; CODE_SIGN_STYLE = Automatic; MARKETING_VERSION = 1.0; CURRENT_PROJECT_VERSION = 1; ENABLE_TESTABILITY = YES; DEBUG_INFORMATION_FORMAT = dwarf;}; name = Debug; };
		C8299E2A31A638AD693DD69E = {isa = XCBuildConfiguration; buildSettings = {SDKROOT = iphoneos; PRODUCT_BUNDLE_IDENTIFIER = com.lumen.health.LumenUITests; TEST_TARGET_NAME = Lumen; PRODUCT_NAME = "$(TARGET_NAME)"; INFOPLIST_FILE = LumenUITests/Info.plist; SWIFT_VERSION = 5.0; IPHONEOS_DEPLOYMENT_TARGET = 18.0; TARGETED_DEVICE_FAMILY = "1,2"; CODE_SIGN_STYLE = Automatic; MARKETING_VERSION = 1.0; CURRENT_PROJECT_VERSION = 1; ENABLE_TESTABILITY = YES; DEBUG_INFORMATION_FORMAT = "dwarf-with-dsym";}; name = Release; };
		F7D9E2DBA3A3E16ED8D384A0 = {isa = XCConfigurationList; buildConfigurations = (64EA319630F3192A7A7F5279, C8299E2A31A638AD693DD69E); defaultConfigurationIsVisible = 0; defaultConfigurationName = Release; };
        5CD759D4193846E4910FD9BB = {isa = PBXProject; buildConfigurationList = 66C115E9D28FAC0EC0475D61; compatibilityVersion = "Xcode 15.0"; developmentRegion = en; hasScannedForEncodings = 0; knownRegions = (en); mainGroup = 5C999E731352905727541C3C; productRefGroup = 6D159F361021D92BC3E10E55; projectDirPath = ""; projectRoot = ""; targets = (786E16E2A5FF21CC8F2CD5BF, 56713A5E07A79BA44EE65E3B, 678B4DE61235C519CC844609); };
        05184C84B7DD963FD013F5FD = {isa = XCBuildConfiguration; buildSettings = {DEBUG_INFORMATION_FORMAT = dwarf; SDKROOT = iphoneos; PRODUCT_BUNDLE_IDENTIFIER = com.lumen.health; PRODUCT_NAME = "$(TARGET_NAME)"; SWIFT_VERSION = 5.0; IPHONEOS_DEPLOYMENT_TARGET = 18.0; TARGETED_DEVICE_FAMILY = "1,2"; GENERATE_INFOPLIST_FILE = YES; INFOPLIST_KEY_CFBundleDisplayName = "Lumen Health"; INFOPLIST_KEY_UILaunchScreen_Generation = YES; INFOPLIST_KEY_UISupportedInterfaceOrientations = (UIInterfaceOrientationPortrait); INFOPLIST_KEY_NSHealthShareUsageDescription = "Lumen reads your activity, workouts, heart rate, sleep, and nutrition to compute readiness, calories, and coaching."; INFOPLIST_KEY_NSHealthUpdateUsageDescription = "Lumen saves logged meals, water, and workouts to Apple Health so your apps stay in sync."; INFOPLIST_KEY_NSCameraUsageDescription = "Snap meals to log calories and protein instantly."; INFOPLIST_KEY_NSPhotoLibraryUsageDescription = "Pick a meal photo to log it in seconds."; INFOPLIST_KEY_NSMotionUsageDescription = "Count steps and movement even without a watch."; INFOPLIST_KEY_NSUserNotificationsUsageDescription = "Timed nudges for workouts, wind-down, and bedtime."; INFOPLIST_KEY_CFBundleURLTypes = ({CFBundleURLName = com.lumen.health.strava; CFBundleURLSchemes = (lumen); }); INFOPLIST_KEY_UIBackgroundModes = (audio, fetch); INFOPLIST_KEY_ITSAppUsesNonExemptEncryption = NO; ASSETCATALOG_COMPILER_APPICON_NAME = AppIcon; ASSETCATALOG_COMPILER_GLOBAL_ACCENT_COLOR_NAME = AccentColor; CODE_SIGN_ENTITLEMENTS = Lumen/Lumen.entitlements; CODE_SIGN_STYLE = Automatic; ENABLE_PREVIEWS = YES; MARKETING_VERSION = 1.0; CURRENT_PROJECT_VERSION = 1; }; name = Debug; };
        096C085C81228FEAEAEA69B3 = {isa = XCBuildConfiguration; buildSettings = {SDKROOT = iphoneos; PRODUCT_BUNDLE_IDENTIFIER = com.lumen.health; PRODUCT_NAME = "$(TARGET_NAME)"; SWIFT_VERSION = 5.0; IPHONEOS_DEPLOYMENT_TARGET = 18.0; TARGETED_DEVICE_FAMILY = "1,2"; GENERATE_INFOPLIST_FILE = YES; INFOPLIST_KEY_CFBundleDisplayName = "Lumen Health"; INFOPLIST_KEY_UILaunchScreen_Generation = YES; INFOPLIST_KEY_UISupportedInterfaceOrientations = (UIInterfaceOrientationPortrait); INFOPLIST_KEY_NSHealthShareUsageDescription = "Lumen reads your activity, workouts, heart rate, sleep, and nutrition to compute readiness, calories, and coaching."; INFOPLIST_KEY_NSHealthUpdateUsageDescription = "Lumen saves logged meals, water, and workouts to Apple Health so your apps stay in sync."; INFOPLIST_KEY_NSCameraUsageDescription = "Snap meals to log calories and protein instantly."; INFOPLIST_KEY_NSPhotoLibraryUsageDescription = "Pick a meal photo to log it in seconds."; INFOPLIST_KEY_NSMotionUsageDescription = "Count steps and movement even without a watch."; INFOPLIST_KEY_NSUserNotificationsUsageDescription = "Timed nudges for workouts, wind-down, and bedtime."; INFOPLIST_KEY_CFBundleURLTypes = ({CFBundleURLName = com.lumen.health.strava; CFBundleURLSchemes = (lumen); }); INFOPLIST_KEY_UIBackgroundModes = (audio, fetch); INFOPLIST_KEY_ITSAppUsesNonExemptEncryption = NO; ASSETCATALOG_COMPILER_APPICON_NAME = AppIcon; ASSETCATALOG_COMPILER_GLOBAL_ACCENT_COLOR_NAME = AccentColor; CODE_SIGN_ENTITLEMENTS = Lumen/Lumen.entitlements; CODE_SIGN_STYLE = Automatic; ENABLE_PREVIEWS = YES; MARKETING_VERSION = 1.0; CURRENT_PROJECT_VERSION = 1; }; name = Release; };
        66C3CCF0399E4E1101638340 = {isa = XCBuildConfiguration; buildSettings = {SDKROOT = iphoneos; PRODUCT_BUNDLE_IDENTIFIER = com.lumen.health.LumenWidget; PRODUCT_NAME = "$(TARGET_NAME)"; SWIFT_VERSION = 5.0; IPHONEOS_DEPLOYMENT_TARGET = 18.0; TARGETED_DEVICE_FAMILY = "1,2"; INFOPLIST_FILE = LumenWidget/Info.plist; CODE_SIGN_STYLE = Automatic; CODE_SIGN_ENTITLEMENTS = LumenWidget/LumenWidget.entitlements; MARKETING_VERSION = 1.0; CURRENT_PROJECT_VERSION = 1; }; name = Debug; };
        69914A9E8E8669B69ECFDB46 = {isa = XCBuildConfiguration; buildSettings = {SDKROOT = iphoneos; PRODUCT_BUNDLE_IDENTIFIER = com.lumen.health.LumenWidget; PRODUCT_NAME = "$(TARGET_NAME)"; SWIFT_VERSION = 5.0; IPHONEOS_DEPLOYMENT_TARGET = 18.0; TARGETED_DEVICE_FAMILY = "1,2"; INFOPLIST_FILE = LumenWidget/Info.plist; CODE_SIGN_STYLE = Automatic; CODE_SIGN_ENTITLEMENTS = LumenWidget/LumenWidget.entitlements; MARKETING_VERSION = 1.0; CURRENT_PROJECT_VERSION = 1; }; name = Release; };
        067617F0DB170C514E32F561 = {isa = XCBuildConfiguration; buildSettings = {ALWAYS_SEARCH_USER_PATHS = NO; SWIFT_VERSION = 5.0; }; name = Debug; };
        F9A6343E99878571BED5098C = {isa = XCBuildConfiguration; buildSettings = {ALWAYS_SEARCH_USER_PATHS = NO; SWIFT_VERSION = 5.0; }; name = Release; };
        63AE45B6CF452CB3A47BC6B6 = {isa = XCConfigurationList; buildConfigurations = (05184C84B7DD963FD013F5FD, 096C085C81228FEAEAEA69B3); defaultConfigurationIsVisible = 0; defaultConfigurationName = Release; };
        7758602E5EF0BE2DB624829E = {isa = XCConfigurationList; buildConfigurations = (66C3CCF0399E4E1101638340, 69914A9E8E8669B69ECFDB46); defaultConfigurationIsVisible = 0; defaultConfigurationName = Release; };
        66C115E9D28FAC0EC0475D61 = {isa = XCConfigurationList; buildConfigurations = (067617F0DB170C514E32F561, F9A6343E99878571BED5098C); defaultConfigurationIsVisible = 0; defaultConfigurationName = Release; };
	};
	rootObject = 5CD759D4193846E4910FD9BB;
}
